
Microsoft Visual Studio Solution File, Format Version 12.00
# Visual Studio Version 16
VisualStudioVersion = 16.0.30413.136
MinimumVisualStudioVersion = 10.0.40219.1
Project("{FAE04EC0-301F-11D3-BF4B-00C04F79EFBC}") = "StringInter", "StringInter\StringInter.csproj", "{3269D8D0-9024-4C23-B10A-C299C61AA22A}"
EndProject
Project("{FAE04EC0-301F-11D3-BF4B-00C04F79EFBC}") = "Task1", "Task1\Task1.csproj", "{3139B278-310C-4C05-953B-5304AB914D9B}"
EndProject
Global
	GlobalSection(SolutionConfigurationPlatforms) = preSolution
		Debug|Any CPU = Debug|Any CPU
		Release|Any CPU = Release|Any CPU
	EndGlobalSection
	GlobalSection(ProjectConfigurationPlatforms) = postSolution
		{3269D8D0-9024-4C23-B10A-C299C61AA22A}.Debug|Any CPU.ActiveCfg = Debug|Any CPU
		{3269D8D0-9024-4C23-B10A-C299C61AA22A}.Debug|Any CPU.Build.0 = Debug|Any CPU
		{3269D8D0-9024-4C23-B10A-C299C61AA22A}.Release|Any CPU.ActiveCfg = Release|Any CPU
		{3269D8D0-9024-4C23-B10A-C299C61AA22A}.Release|Any CPU.Build.0 = Release|Any CPU
		{3139B278-310C-4C05-953B-5304AB914D9B}.Debug|Any CPU.ActiveCfg = Debug|Any CPU
		{3139B278-310C-4C05-953B-5304AB914D9B}.Debug|Any CPU.Build.0 = Debug|Any CPU
		{3139B278-310C-4C05-953B-5304AB914D9B}.Release|Any CPU.ActiveCfg = Release|Any CPU
		{3139B278-310C-4C05-953B-5304AB914D9B}.Release|Any CPU.Build.0 = Release|Any CPU
	EndGlobalSection
	GlobalSection(SolutionProperties) = preSolution
		HideSolutionNode = FALSE
	EndGlobalSection
	GlobalSection(ExtensibilityGlobals) = postSolution
		SolutionGuid = {E72A267A-A31D-4DD4-8F53-A1AB81A50BB9}
	EndGlobalSection
EndGlobal
